
Microsoft Visual Studio Solution File, Format Version 12.00
# Visual Studio Version 17
VisualStudioVersion = 17.11.35222.181
MinimumVisualStudioVersion = 10.0.40219.1
Project("{FAE04EC0-301F-11D3-BF4B-00C04F79EFBC}") = "MasterCoin-NumeroSerie", "MasterCoin-NumeroSerie.csproj", "{2413CB3B-1BD4-41EF-8BE9-37F1D40F94AF}"
EndProject
Global
	GlobalSection(SolutionConfigurationPlatforms) = preSolution
		Debug|Any CPU = Debug|Any CPU
		Release|Any CPU = Release|Any CPU
	EndGlobalSection
	GlobalSection(ProjectConfigurationPlatforms) = postSolution
		{2413CB3B-1BD4-41EF-8BE9-37F1D40F94AF}.Debug|Any CPU.ActiveCfg = Debug|Any CPU
		{2413CB3B-1BD4-41EF-8BE9-37F1D40F94AF}.Debug|Any CPU.Build.0 = Debug|Any CPU
		{2413CB3B-1BD4-41EF-8BE9-37F1D40F94AF}.Release|Any CPU.ActiveCfg = Release|Any CPU
		{2413CB3B-1BD4-41EF-8BE9-37F1D40F94AF}.Release|Any CPU.Build.0 = Release|Any CPU
	EndGlobalSection
	GlobalSection(SolutionProperties) = preSolution
		HideSolutionNode = FALSE
	EndGlobalSection
	GlobalSection(ExtensibilityGlobals) = postSolution
		SolutionGuid = {7EB23492-F589-49F9-996B-AB11EB7B5FA9}
	EndGlobalSection
EndGlobal
